<?xml version="1.0" encoding="utf-8"?>
<Project ToolsVersion="4.0" xmlns="http://schemas.microsoft.com/developer/msbuild/2003">
  <ItemGroup>
    <ClCompile Include="..\angelscriptsdk\add_on\debugger\debugger.cpp">
      <Filter>angelscript\add_on</Filter>
    </ClCompile>
    <ClCompile Include="..\angelscriptsdk\add_on\scripthelper\scripthelper.cpp">
      <Filter>angelscript\add_on</Filter>
    </ClCompile>
    <ClCompile Include="..\angelscriptsdk\add_on\scriptbuilder\scriptbuilder.cpp">
      <Filter>angelscript\add_on</Filter>
    </ClCompile>
    <ClCompile Include="..\angelscriptsdk\add_on\scriptfile\scriptfile.cpp">
      <Filter>angelscript\add_on</Filter>
    </ClCompile>
    <ClCompile Include="..\angelscriptsdk\add_on\scriptarray\scriptarray.cpp">
      <Filter>angelscript\add_on</Filter>
    </ClCompile>
    <ClCompile Include="..\angelscriptsdk\add_on\scriptstdstring\scriptstdstring_utils.cpp">
      <Filter>angelscript\add_on</Filter>
    </ClCompile>
    <ClCompile Include="..\angelscriptsdk\add_on\scriptstdstring\scriptstdstring.cpp">
      <Filter>angelscript\add_on</Filter>
    </ClCompile>
    <ClCompile Include="..\angelscriptsdk\add_on\scriptmath\scriptmathcomplex.cpp">
      <Filter>angelscript\add_on</Filter>
    </ClCompile>
    <ClCompile Include="..\angelscriptsdk\add_on\scriptmath\scriptmath.cpp">
      <Filter>angelscript\add_on</Filter>
    </ClCompile>
    <ClCompile Include="Registry\Utils.cpp">
      <Filter>Registry</Filter>
    </ClCompile>
    <ClCompile Include="Registry\Win32Exception.cpp">
      <Filter>Registry</Filter>
    </ClCompile>
    <ClCompile Include="Registry\RegistryKey.cpp">
      <Filter>Registry</Filter>
    </ClCompile>
    <ClCompile Include="Registry\RegKeyIterator.cpp">
      <Filter>Registry</Filter>
    </ClCompile>
    <ClCompile Include="Ini\ConvertUTF.c">
      <Filter>ini</Filter>
    </ClCompile>
    <ClCompile Include="libraries.cxx" />
    <ClCompile Include="CppVhdAPI.cxx" />
    <ClCompile Include="string_converters.cxx" />
    <ClCompile Include="config.cxx" />
    <ClCompile Include="file_functions.cxx" />
    <ClCompile Include="debugging.cxx" />
    <ClCompile Include="vhd_helper.cxx" />
    <ClCompile Include="process_helper.cxx" />
    <ClCompile Include="virtualization_helper.cxx" />
    <ClCompile Include="key_helper.cxx" />
    <ClCompile Include="globalvars.cxx" />
    <ClCompile Include="scripting.cxx">
      <Filter>angelscript</Filter>
    </ClCompile>
    <ClCompile Include="Registry.cxx">
      <Filter>angelscript</Filter>
    </ClCompile>
    <ClCompile Include="Ini.cxx">
      <Filter>angelscript</Filter>
    </ClCompile>
    <ClCompile Include="Directory.cxx">
      <Filter>angelscript</Filter>
    </ClCompile>
    <ClCompile Include="mountpoint_helper.cxx" />
    <ClCompile Include="cleanup.cxx" />
    <ClCompile Include="randomization.cxx" />
  </ItemGroup>
  <ItemGroup>
    <Filter Include="angelscript">
      <UniqueIdentifier>{8bc67516-3ea1-4ea1-b922-919c831760df}</UniqueIdentifier>
    </Filter>
    <Filter Include="angelscript\add_on">
      <UniqueIdentifier>{293a478f-b4bd-4f14-8900-44631fdee810}</UniqueIdentifier>
    </Filter>
    <Filter Include="Registry">
      <UniqueIdentifier>{50893317-9445-4818-bb79-6a31556ea3b7}</UniqueIdentifier>
    </Filter>
    <Filter Include="BoxedAppSDK">
      <UniqueIdentifier>{6e0a155d-efdc-47fa-b09b-58caec498023}</UniqueIdentifier>
    </Filter>
    <Filter Include="ini">
      <UniqueIdentifier>{3ebcc332-5346-4d43-b4b8-dd1f88ec8a0b}</UniqueIdentifier>
    </Filter>
  </ItemGroup>
  <ItemGroup>
    <ClInclude Include="Registry\RegKeyIterator.hpp">
      <Filter>Registry</Filter>
    </ClInclude>
    <ClInclude Include="Registry\Utils.hpp">
      <Filter>Registry</Filter>
    </ClInclude>
    <ClInclude Include="Registry\Win32Exception.hpp">
      <Filter>Registry</Filter>
    </ClInclude>
    <ClInclude Include="Registry\CountedRegKey.hpp">
      <Filter>Registry</Filter>
    </ClInclude>
    <ClInclude Include="Registry\ExpandableBuffer.hpp">
      <Filter>Registry</Filter>
    </ClInclude>
    <ClInclude Include="Registry\ReferenceCounted.hpp">
      <Filter>Registry</Filter>
    </ClInclude>
    <ClInclude Include="Registry\RegistryKey.hpp">
      <Filter>Registry</Filter>
    </ClInclude>
    <ClInclude Include="Registry\RegistryList.hpp">
      <Filter>Registry</Filter>
    </ClInclude>
    <ClInclude Include="..\BoxedAppSDK\BoxedAppSDK_InterfacesID.h">
      <Filter>BoxedAppSDK</Filter>
    </ClInclude>
    <ClInclude Include="..\BoxedAppSDK\BoxedAppSDK.h">
      <Filter>BoxedAppSDK</Filter>
    </ClInclude>
    <ClInclude Include="..\BoxedAppSDK\BoxedAppSDK_Interfaces.h">
      <Filter>BoxedAppSDK</Filter>
    </ClInclude>
    <ClInclude Include="Ini\ConvertUTF.h">
      <Filter>ini</Filter>
    </ClInclude>
    <ClInclude Include="Ini\SimpleIni.h">
      <Filter>ini</Filter>
    </ClInclude>
    <ClInclude Include="..\BoxedAppSDK\bxsdk32.h">
      <Filter>BoxedAppSDK</Filter>
    </ClInclude>
    <ClInclude Include="..\BoxedAppSDK\bxsdk64.h">
      <Filter>BoxedAppSDK</Filter>
    </ClInclude>
    <ClInclude Include="string_converters.hxx" />
    <ClInclude Include="config.hxx" />
    <ClInclude Include="file_functions.hxx" />
    <ClInclude Include="debugging.hxx" />
    <ClInclude Include="vhd_helper.hxx" />
    <ClInclude Include="process_helper.hxx" />
    <ClInclude Include="virtualization_helper.hxx" />
    <ClInclude Include="key_helper.hxx" />
    <ClInclude Include="globalvars.hxx" />
    <ClInclude Include="scripting.hxx">
      <Filter>angelscript</Filter>
    </ClInclude>
    <ClInclude Include="mountpoint_helper.hxx" />
    <ClInclude Include="cleanup.hxx" />
    <ClInclude Include="randomization.hxx" />
  </ItemGroup>
  <ItemGroup>
    <None Include="..\BoxedAppSDK\BoxedAppGuide_en.pdf">
      <Filter>BoxedAppSDK</Filter>
    </None>
    <None Include="..\BoxedAppSDK\BoxedAppSDK.chm">
      <Filter>BoxedAppSDK</Filter>
    </None>
  </ItemGroup>
  <ItemGroup>
    <Library Include="..\BoxedAppSDK\bxsdk32.lib">
      <Filter>BoxedAppSDK</Filter>
    </Library>
    <Library Include="..\BoxedAppSDK\bxsdk64.lib">
      <Filter>BoxedAppSDK</Filter>
    </Library>
  </ItemGroup>
</Project>