<?xml version="1.0" encoding="utf-8"?>
<Project ToolsVersion="4.0" xmlns="http://schemas.microsoft.com/developer/msbuild/2003">
  <ItemGroup>
    <Filter Include="detours">
      <UniqueIdentifier>{8a1a6307-2b14-4ce4-a441-4bda1b7a8cca}</UniqueIdentifier>
    </Filter>
  </ItemGroup>
  <ItemGroup>
    <ClCompile Include="dllmain.cpp" />
    <ClCompile Include="DE21\disasm.cpp">
      <Filter>detours</Filter>
    </ClCompile>
    <ClCompile Include="DE21\image.cpp">
      <Filter>detours</Filter>
    </ClCompile>
    <ClCompile Include="DE21\modules.cpp">
      <Filter>detours</Filter>
    </ClCompile>
    <ClCompile Include="DE21\creatwth.cpp">
      <Filter>detours</Filter>
    </ClCompile>
    <ClCompile Include="DE21\detoured.cpp">
      <Filter>detours</Filter>
    </ClCompile>
    <ClCompile Include="DE21\detours.cpp">
      <Filter>detours</Filter>
    </ClCompile>
    <ClCompile Include="helper.h" />
  </ItemGroup>
  <ItemGroup>
    <ClInclude Include="DE21\detoured.h">
      <Filter>detours</Filter>
    </ClInclude>
    <ClInclude Include="DE21\detours.h">
      <Filter>detours</Filter>
    </ClInclude>
    <ClInclude Include="all.h" />
  </ItemGroup>
</Project>